{
  "lib/forge-std": {
    "rev": "f3dae6e6ee381f25eb6a246f7da9b85c91a68219"
  },
  "lib/openzeppelin-contracts": {
    "rev": "40a51f7e78852e48d0b128d4ee3d620cbc7d35d8"
  },
  "lib/openzeppelin-contracts-upgradeable": {
    "tag": {
      "name": "v5.7.0",
      "rev": "14f52c54d3a1eefbda3d4071efba24d3c1e07e8a"
    }
  },
  "lib/solidity-bytes-utils": {
    "tag": {
      "name": "v0.8.2",
      "rev": "e0115c4d231910df47ce3b60625ce562fe4af985"
    }
  }
}
